PODS:
  - Alamofire (1.1.4)
  - Alamofire-SwiftyJSON (1.1.0)
  - CrashlyticsFramework (2.2.5.2)
  - HCYoutubeParser (0.0.2)
  - SVProgressHUD (1.1.2)
  - SwiftyJSON (2.1.3)

DEPENDENCIES:
  - Alamofire
  - Alamofire-SwiftyJSON (from `https://github.com/SwiftyJSON/Alamofire-SwiftyJSON.git`)
  - CrashlyticsFramework
  - HCYoutubeParser
  - SVProgressHUD (~> 1.0)
  - SwiftyJSON

EXTERNAL SOURCES:
  Alamofire-SwiftyJSON:
    :git: https://github.com/SwiftyJSON/Alamofire-SwiftyJSON.git

CHECKOUT OPTIONS:
  Alamofire-SwiftyJSON:
    :commit: a8678b8b5cd4e3d4468d7449ab619abfd730c807
    :git: https://github.com/SwiftyJSON/Alamofire-SwiftyJSON.git

SPEC CHECKSUMS:
  Alamofire: 524225da382071ee3e6d0badd0ee4b4dc36740de
  Alamofire-SwiftyJSON: 956259d7591d2b52f10e872bc14a4b89ec3743ff
  CrashlyticsFramework: 4e91082f3019bea7e718e1b67b0a3b56729dbc5d
  HCYoutubeParser: d82d0b0e181c090a94f8f119fb2141303bc96ecf
  SVProgressHUD: da7a49e789af645d9279ffbca62318945a832438
  SwiftyJSON: 48be7490a3989a58a3f511cd54167f0a2b466e76

COCOAPODS: 0.36.0.beta.2
