// !$*UTF8*$!
{
	archiveVersion = 1;
	classes = {
	};
	objectVersion = 46;
	objects = {

/* Begin PBXBuildFile section */
		14399FE81AB00FA90025B18D /* Detail.swift in Sources */ = {isa = PBXBuildFile; fileRef = 14399FE71AB00FA90025B18D /* Detail.swift */; };
		14399FEA1AB022310025B18D /* ListLayout.swift in Sources */ = {isa = PBXBuildFile; fileRef = 14399FE91AB022310025B18D /* ListLayout.swift */; };
		14399FEC1AB15A3A0025B18D /* DetailLayout.swift in Sources */ = {isa = PBXBuildFile; fileRef = 14399FEB1AB15A3A0025B18D /* DetailLayout.swift */; };
		14A102C01AAEC3C300F9B8E6 /* GoViewAnimator.swift in Sources */ = {isa = PBXBuildFile; fileRef = 14A102BF1AAEC3C300F9B8E6 /* GoViewAnimator.swift */; };
		14DB89011A8F532100FAFB6C /* AppDelegate.swift in Sources */ = {isa = PBXBuildFile; fileRef = 14DB89001A8F532100FAFB6C /* AppDelegate.swift */; };
		14DB89061A8F532100FAFB6C /* Main.storyboard in Resources */ = {isa = PBXBuildFile; fileRef = 14DB89041A8F532100FAFB6C /* Main.storyboard */; };
		14DB89081A8F532100FAFB6C /* Images.xcassets in Resources */ = {isa = PBXBuildFile; fileRef = 14DB89071A8F532100FAFB6C /* Images.xcassets */; };
		14DB890B1A8F532100FAFB6C /* LaunchScreen.xib in Resources */ = {isa = PBXBuildFile; fileRef = 14DB89091A8F532100FAFB6C /* LaunchScreen.xib */; };
		14DB89171A8F532100FAFB6C /* kaidanTests.swift in Sources */ = {isa = PBXBuildFile; fileRef = 14DB89161A8F532100FAFB6C /* kaidanTests.swift */; };
		14DB89281A8F5E5F00FAFB6C /* kaidanLibs.swift in Sources */ = {isa = PBXBuildFile; fileRef = 14DB89271A8F5E5F00FAFB6C /* kaidanLibs.swift */; };
		14DB892A1A8F657100FAFB6C /* Navigation.swift in Sources */ = {isa = PBXBuildFile; fileRef = 14DB89291A8F657100FAFB6C /* Navigation.swift */; };
		97E19D52AFD63CF3A5127B45 /* Pods.framework in Frameworks */ = {isa = PBXBuildFile; fileRef = 03B475AB3C96E56A63863727 /* Pods.framework */; settings = {ATTRIBUTES = (Weak, ); }; };
		E5979BDA1A905834000AA716 /* Configs.swift in Sources */ = {isa = PBXBuildFile; fileRef = E5979BD91A905834000AA716 /* Configs.swift */; };
		E59ABADA1A988CE6007CA31A /* spark.png in Resources */ = {isa = PBXBuildFile; fileRef = E59ABAD81A988CE6007CA31A /* spark.png */; };
		E59ABAE41A9902DF007CA31A /* blood.sks in Resources */ = {isa = PBXBuildFile; fileRef = E59ABAE31A9902DF007CA31A /* blood.sks */; };
		E59ABAEB1A99C5DC007CA31A /* SVProgressHUD.bundle in Resources */ = {isa = PBXBuildFile; fileRef = E59ABAEA1A99C5DC007CA31A /* SVProgressHUD.bundle */; };
		E59ABAED1A99D271007CA31A /* KaidanPlayer.swift in Sources */ = {isa = PBXBuildFile; fileRef = E59ABAEC1A99D271007CA31A /* KaidanPlayer.swift */; };
		E5E33EEC1A90ACD300FD356D /* List.swift in Sources */ = {isa = PBXBuildFile; fileRef = E5E33EEB1A90ACD300FD356D /* List.swift */; };
		E5E33EEE1A90AE5500FD356D /* ListCell.swift in Sources */ = {isa = PBXBuildFile; fileRef = E5E33EED1A90AE5500FD356D /* ListCell.swift */; };
		E5E33EF51A92469900FD356D /* InfoPlist.strings in Resources */ = {isa = PBXBuildFile; fileRef = E5E33EF41A92469900FD356D /* InfoPlist.strings */; };
/* End PBXBuildFile section */

/* Begin PBXContainerItemProxy section */
		14DB89111A8F532100FAFB6C /* PBXContainerItemProxy */ = {
			isa = PBXContainerItemProxy;
			containerPortal = 14DB88F31A8F532100FAFB6C /* Project object */;
			proxyType = 1;
			remoteGlobalIDString = 14DB88FA1A8F532100FAFB6C;
			remoteInfo = kaidan;
		};
/* End PBXContainerItemProxy section */

/* Begin PBXFileReference section */
		03B475AB3C96E56A63863727 /* Pods.framework */ = {isa = PBXFileReference; explicitFileType = wrapper.framework; includeInIndex = 0; path = Pods.framework; sourceTree = BUILT_PRODUCTS_DIR; };
		0DC278C0F71D866D7C5E5CE8 /* Pods.debug.xcconfig */ = {isa = PBXFileReference; includeInIndex = 1; lastKnownFileType = text.xcconfig; name = Pods.debug.xcconfig; path = "Pods/Target Support Files/Pods/Pods.debug.xcconfig"; sourceTree = "<group>"; };
		14399FE71AB00FA90025B18D /* Detail.swift */ = {isa = PBXFileReference; fileEncoding = 4; lastKnownFileType = sourcecode.swift; path = Detail.swift; sourceTree = "<group>"; };
		14399FE91AB022310025B18D /* ListLayout.swift */ = {isa = PBXFileReference; fileEncoding = 4; lastKnownFileType = sourcecode.swift; path = ListLayout.swift; sourceTree = "<group>"; };
		14399FEB1AB15A3A0025B18D /* DetailLayout.swift */ = {isa = PBXFileReference; fileEncoding = 4; lastKnownFileType = sourcecode.swift; path = DetailLayout.swift; sourceTree = "<group>"; };
		14A102BF1AAEC3C300F9B8E6 /* GoViewAnimator.swift */ = {isa = PBXFileReference; fileEncoding = 4; lastKnownFileType = sourcecode.swift; path = GoViewAnimator.swift; sourceTree = "<group>"; };
		14DB88FB1A8F532100FAFB6C /* kaidan.app */ = {isa = PBXFileReference; explicitFileType = wrapper.application; includeInIndex = 0; path = kaidan.app; sourceTree = BUILT_PRODUCTS_DIR; };
		14DB88FF1A8F532100FAFB6C /* Info.plist */ = {isa = PBXFileReference; lastKnownFileType = text.plist.xml; path = Info.plist; sourceTree = "<group>"; };
		14DB89001A8F532100FAFB6C /* AppDelegate.swift */ = {isa = PBXFileReference; lastKnownFileType = sourcecode.swift; path = AppDelegate.swift; sourceTree = "<group>"; };
		14DB89051A8F532100FAFB6C /* Base */ = {isa = PBXFileReference; lastKnownFileType = file.storyboard; name = Base; path = Base.lproj/Main.storyboard; sourceTree = "<group>"; };
		14DB89071A8F532100FAFB6C /* Images.xcassets */ = {isa = PBXFileReference; lastKnownFileType = folder.assetcatalog; path = Images.xcassets; sourceTree = "<group>"; };
		14DB890A1A8F532100FAFB6C /* Base */ = {isa = PBXFileReference; lastKnownFileType = file.xib; name = Base; path = Base.lproj/LaunchScreen.xib; sourceTree = "<group>"; };
		14DB89101A8F532100FAFB6C /* kaidanTests.xctest */ = {isa = PBXFileReference; explicitFileType = wrapper.cfbundle; includeInIndex = 0; path = kaidanTests.xctest; sourceTree = BUILT_PRODUCTS_DIR; };
		14DB89151A8F532100FAFB6C /* Info.plist */ = {isa = PBXFileReference; lastKnownFileType = text.plist.xml; path = Info.plist; sourceTree = "<group>"; };
		14DB89161A8F532100FAFB6C /* kaidanTests.swift */ = {isa = PBXFileReference; lastKnownFileType = sourcecode.swift; path = kaidanTests.swift; sourceTree = "<group>"; };
		14DB89271A8F5E5F00FAFB6C /* kaidanLibs.swift */ = {isa = PBXFileReference; fileEncoding = 4; lastKnownFileType = sourcecode.swift; path = kaidanLibs.swift; sourceTree = "<group>"; };
		14DB89291A8F657100FAFB6C /* Navigation.swift */ = {isa = PBXFileReference; fileEncoding = 4; lastKnownFileType = sourcecode.swift; path = Navigation.swift; sourceTree = "<group>"; };
		16DDF803907DC3CAE85B4D50 /* Pods.release.xcconfig */ = {isa = PBXFileReference; includeInIndex = 1; lastKnownFileType = text.xcconfig; name = Pods.release.xcconfig; path = "Pods/Target Support Files/Pods/Pods.release.xcconfig"; sourceTree = "<group>"; };
		E5979BD91A905834000AA716 /* Configs.swift */ = {isa = PBXFileReference; fileEncoding = 4; lastKnownFileType = sourcecode.swift; path = Configs.swift; sourceTree = "<group>"; };
		E59ABAD81A988CE6007CA31A /* spark.png */ = {isa = PBXFileReference; lastKnownFileType = image.png; path = spark.png; sourceTree = "<group>"; };
		E59ABAE31A9902DF007CA31A /* blood.sks */ = {isa = PBXFileReference; lastKnownFileType = file.sks; path = blood.sks; sourceTree = "<group>"; };
		E59ABAEA1A99C5DC007CA31A /* SVProgressHUD.bundle */ = {isa = PBXFileReference; lastKnownFileType = "wrapper.plug-in"; name = SVProgressHUD.bundle; path = Pods/SVProgressHUD/SVProgressHUD/SVProgressHUD.bundle; sourceTree = SOURCE_ROOT; };
		E59ABAEC1A99D271007CA31A /* KaidanPlayer.swift */ = {isa = PBXFileReference; fileEncoding = 4; lastKnownFileType = sourcecode.swift; path = KaidanPlayer.swift; sourceTree = "<group>"; };
		E5E33EEB1A90ACD300FD356D /* List.swift */ = {isa = PBXFileReference; fileEncoding = 4; lastKnownFileType = sourcecode.swift; path = List.swift; sourceTree = "<group>"; };
		E5E33EED1A90AE5500FD356D /* ListCell.swift */ = {isa = PBXFileReference; fileEncoding = 4; lastKnownFileType = sourcecode.swift; path = ListCell.swift; sourceTree = "<group>"; };
		E5E33EF41A92469900FD356D /* InfoPlist.strings */ = {isa = PBXFileReference; fileEncoding = 4; lastKnownFileType = text.plist.strings; path = InfoPlist.strings; sourceTree = "<group>"; };
/* End PBXFileReference section */

/* Begin PBXFrameworksBuildPhase section */
		14DB88F81A8F532100FAFB6C /* Frameworks */ = {
			isa = PBXFrameworksBuildPhase;
			buildActionMask = 2147483647;
			files = (
				97E19D52AFD63CF3A5127B45 /* Pods.framework in Frameworks */,
			);
			runOnlyForDeploymentPostprocessing = 0;
		};
		14DB890D1A8F532100FAFB6C /* Frameworks */ = {
			isa = PBXFrameworksBuildPhase;
			buildActionMask = 2147483647;
			files = (
			);
			runOnlyForDeploymentPostprocessing = 0;
		};
/* End PBXFrameworksBuildPhase section */

/* Begin PBXGroup section */
		14DB88F21A8F532100FAFB6C = {
			isa = PBXGroup;
			children = (
				14DB88FD1A8F532100FAFB6C /* kaidan */,
				14DB89131A8F532100FAFB6C /* kaidanTests */,
				14DB88FC1A8F532100FAFB6C /* Products */,
				3C21F4E1945253747D0CD3F0 /* Pods */,
				399A083B12EED39626D21904 /* Frameworks */,
			);
			sourceTree = "<group>";
		};
		14DB88FC1A8F532100FAFB6C /* Products */ = {
			isa = PBXGroup;
			children = (
				14DB88FB1A8F532100FAFB6C /* kaidan.app */,
				14DB89101A8F532100FAFB6C /* kaidanTests.xctest */,
			);
			name = Products;
			sourceTree = "<group>";
		};
		14DB88FD1A8F532100FAFB6C /* kaidan */ = {
			isa = PBXGroup;
			children = (
				14DB89001A8F532100FAFB6C /* AppDelegate.swift */,
				14DB89291A8F657100FAFB6C /* Navigation.swift */,
				E5E33EEB1A90ACD300FD356D /* List.swift */,
				14A102BF1AAEC3C300F9B8E6 /* GoViewAnimator.swift */,
				14399FE91AB022310025B18D /* ListLayout.swift */,
				14399FEB1AB15A3A0025B18D /* DetailLayout.swift */,
				E59ABAEC1A99D271007CA31A /* KaidanPlayer.swift */,
				E5E33EED1A90AE5500FD356D /* ListCell.swift */,
				14399FE71AB00FA90025B18D /* Detail.swift */,
				14DB89041A8F532100FAFB6C /* Main.storyboard */,
				14DB89071A8F532100FAFB6C /* Images.xcassets */,
				14DB89091A8F532100FAFB6C /* LaunchScreen.xib */,
				14DB88FE1A8F532100FAFB6C /* Supporting Files */,
				14DB89271A8F5E5F00FAFB6C /* kaidanLibs.swift */,
				E5979BD91A905834000AA716 /* Configs.swift */,
			);
			path = kaidan;
			sourceTree = "<group>";
		};
		14DB88FE1A8F532100FAFB6C /* Supporting Files */ = {
			isa = PBXGroup;
			children = (
				E59ABAEA1A99C5DC007CA31A /* SVProgressHUD.bundle */,
				14DB88FF1A8F532100FAFB6C /* Info.plist */,
				E5E33EF41A92469900FD356D /* InfoPlist.strings */,
				E59ABAE31A9902DF007CA31A /* blood.sks */,
				E59ABAD81A988CE6007CA31A /* spark.png */,
			);
			name = "Supporting Files";
			sourceTree = "<group>";
		};
		14DB89131A8F532100FAFB6C /* kaidanTests */ = {
			isa = PBXGroup;
			children = (
				14DB89161A8F532100FAFB6C /* kaidanTests.swift */,
				14DB89141A8F532100FAFB6C /* Supporting Files */,
			);
			path = kaidanTests;
			sourceTree = "<group>";
		};
		14DB89141A8F532100FAFB6C /* Supporting Files */ = {
			isa = PBXGroup;
			children = (
				14DB89151A8F532100FAFB6C /* Info.plist */,
			);
			name = "Supporting Files";
			sourceTree = "<group>";
		};
		399A083B12EED39626D21904 /* Frameworks */ = {
			isa = PBXGroup;
			children = (
				03B475AB3C96E56A63863727 /* Pods.framework */,
			);
			name = Frameworks;
			sourceTree = "<group>";
		};
		3C21F4E1945253747D0CD3F0 /* Pods */ = {
			isa = PBXGroup;
			children = (
				0DC278C0F71D866D7C5E5CE8 /* Pods.debug.xcconfig */,
				16DDF803907DC3CAE85B4D50 /* Pods.release.xcconfig */,
			);
			name = Pods;
			sourceTree = "<group>";
		};
/* End PBXGroup section */

/* Begin PBXNativeTarget section */
		14DB88FA1A8F532100FAFB6C /* kaidan */ = {
			isa = PBXNativeTarget;
			buildConfigurationList = 14DB891A1A8F532100FAFB6C /* Build configuration list for PBXNativeTarget "kaidan" */;
			buildPhases = (
				FAA8940A2EFA23EB6187C7B3 /* Check Pods Manifest.lock */,
				14DB88F71A8F532100FAFB6C /* Sources */,
				14DB88F81A8F532100FAFB6C /* Frameworks */,
				14DB88F91A8F532100FAFB6C /* Resources */,
				22E1BAA102AC3E99C62C33C6 /* Embed Pods Frameworks */,
				9764C2E3C77F29A02579148A /* Copy Pods Resources */,
			);
			buildRules = (
			);
			dependencies = (
			);
			name = kaidan;
			productName = kaidan;
			productReference = 14DB88FB1A8F532100FAFB6C /* kaidan.app */;
			productType = "com.apple.product-type.application";
		};
		14DB890F1A8F532100FAFB6C /* kaidanTests */ = {
			isa = PBXNativeTarget;
			buildConfigurationList = 14DB891D1A8F532100FAFB6C /* Build configuration list for PBXNativeTarget "kaidanTests" */;
			buildPhases = (
				14DB890C1A8F532100FAFB6C /* Sources */,
				14DB890D1A8F532100FAFB6C /* Frameworks */,
				14DB890E1A8F532100FAFB6C /* Resources */,
			);
			buildRules = (
			);
			dependencies = (
				14DB89121A8F532100FAFB6C /* PBXTargetDependency */,
			);
			name = kaidanTests;
			productName = kaidanTests;
			productReference = 14DB89101A8F532100FAFB6C /* kaidanTests.xctest */;
			productType = "com.apple.product-type.bundle.unit-test";
		};
/* End PBXNativeTarget section */

/* Begin PBXProject section */
		14DB88F31A8F532100FAFB6C /* Project object */ = {
			isa = PBXProject;
			attributes = {
				LastUpgradeCheck = 0610;
				ORGANIZATIONNAME = tebcro;
				TargetAttributes = {
					14DB88FA1A8F532100FAFB6C = {
						CreatedOnToolsVersion = 6.1.1;
					};
					14DB890F1A8F532100FAFB6C = {
						CreatedOnToolsVersion = 6.1.1;
						TestTargetID = 14DB88FA1A8F532100FAFB6C;
					};
				};
			};
			buildConfigurationList = 14DB88F61A8F532100FAFB6C /* Build configuration list for PBXProject "kaidan" */;
			compatibilityVersion = "Xcode 3.2";
			developmentRegion = English;
			hasScannedForEncodings = 0;
			knownRegions = (
				en,
				Base,
			);
			mainGroup = 14DB88F21A8F532100FAFB6C;
			productRefGroup = 14DB88FC1A8F532100FAFB6C /* Products */;
			projectDirPath = "";
			projectRoot = "";
			targets = (
				14DB88FA1A8F532100FAFB6C /* kaidan */,
				14DB890F1A8F532100FAFB6C /* kaidanTests */,
			);
		};
/* End PBXProject section */

/* Begin PBXResourcesBuildPhase section */
		14DB88F91A8F532100FAFB6C /* Resources */ = {
			isa = PBXResourcesBuildPhase;
			buildActionMask = 2147483647;
			files = (
				E59ABAEB1A99C5DC007CA31A /* SVProgressHUD.bundle in Resources */,
				14DB89061A8F532100FAFB6C /* Main.storyboard in Resources */,
				E59ABADA1A988CE6007CA31A /* spark.png in Resources */,
				E59ABAE41A9902DF007CA31A /* blood.sks in Resources */,
				E5E33EF51A92469900FD356D /* InfoPlist.strings in Resources */,
				14DB890B1A8F532100FAFB6C /* LaunchScreen.xib in Resources */,
				14DB89081A8F532100FAFB6C /* Images.xcassets in Resources */,
			);
			runOnlyForDeploymentPostprocessing = 0;
		};
		14DB890E1A8F532100FAFB6C /* Resources */ = {
			isa = PBXResourcesBuildPhase;
			buildActionMask = 2147483647;
			files = (
			);
			runOnlyForDeploymentPostprocessing = 0;
		};
/* End PBXResourcesBuildPhase section */

/* Begin PBXShellScriptBuildPhase section */
		22E1BAA102AC3E99C62C33C6 /* Embed Pods Frameworks */ = {
			isa = PBXShellScriptBuildPhase;
			buildActionMask = 2147483647;
			files = (
			);
			inputPaths = (
			);
			name = "Embed Pods Frameworks";
			outputPaths = (
			);
			runOnlyForDeploymentPostprocessing = 0;
			shellPath = /bin/sh;
			shellScript = "\"${SRCROOT}/Pods/Target Support Files/Pods/Pods-frameworks.sh\"\n";
			showEnvVarsInLog = 0;
		};
		9764C2E3C77F29A02579148A /* Copy Pods Resources */ = {
			isa = PBXShellScriptBuildPhase;
			buildActionMask = 2147483647;
			files = (
			);
			inputPaths = (
			);
			name = "Copy Pods Resources";
			outputPaths = (
			);
			runOnlyForDeploymentPostprocessing = 0;
			shellPath = /bin/sh;
			shellScript = "\"${SRCROOT}/Pods/Target Support Files/Pods/Pods-resources.sh\"\n";
			showEnvVarsInLog = 0;
		};
		FAA8940A2EFA23EB6187C7B3 /* Check Pods Manifest.lock */ = {
			isa = PBXShellScriptBuildPhase;
			buildActionMask = 2147483647;
			files = (
			);
			inputPaths = (
			);
			name = "Check Pods Manifest.lock";
			outputPaths = (
			);
			runOnlyForDeploymentPostprocessing = 0;
			shellPath = /bin/sh;
			shellScript = "diff \"${PODS_ROOT}/../Podfile.lock\" \"${PODS_ROOT}/Manifest.lock\" > /dev/null\nif [[ $? != 0 ]] ; then\n    cat << EOM\nerror: The sandbox is not in sync with the Podfile.lock. Run 'pod install' or update your CocoaPods installation.\nEOM\n    exit 1\nfi\n";
			showEnvVarsInLog = 0;
		};
/* End PBXShellScriptBuildPhase section */

/* Begin PBXSourcesBuildPhase section */
		14DB88F71A8F532100FAFB6C /* Sources */ = {
			isa = PBXSourcesBuildPhase;
			buildActionMask = 2147483647;
			files = (
				14DB89281A8F5E5F00FAFB6C /* kaidanLibs.swift in Sources */,
				E5E33EEE1A90AE5500FD356D /* ListCell.swift in Sources */,
				14399FE81AB00FA90025B18D /* Detail.swift in Sources */,
				14399FEC1AB15A3A0025B18D /* DetailLayout.swift in Sources */,
				14399FEA1AB022310025B18D /* ListLayout.swift in Sources */,
				14DB892A1A8F657100FAFB6C /* Navigation.swift in Sources */,
				E59ABAED1A99D271007CA31A /* KaidanPlayer.swift in Sources */,
				14DB89011A8F532100FAFB6C /* AppDelegate.swift in Sources */,
				14A102C01AAEC3C300F9B8E6 /* GoViewAnimator.swift in Sources */,
				E5979BDA1A905834000AA716 /* Configs.swift in Sources */,
				E5E33EEC1A90ACD300FD356D /* List.swift in Sources */,
			);
			runOnlyForDeploymentPostprocessing = 0;
		};
		14DB890C1A8F532100FAFB6C /* Sources */ = {
			isa = PBXSourcesBuildPhase;
			buildActionMask = 2147483647;
			files = (
				14DB89171A8F532100FAFB6C /* kaidanTests.swift in Sources */,
			);
			runOnlyForDeploymentPostprocessing = 0;
		};
/* End PBXSourcesBuildPhase section */

/* Begin PBXTargetDependency section */
		14DB89121A8F532100FAFB6C /* PBXTargetDependency */ = {
			isa = PBXTargetDependency;
			target = 14DB88FA1A8F532100FAFB6C /* kaidan */;
			targetProxy = 14DB89111A8F532100FAFB6C /* PBXContainerItemProxy */;
		};
/* End PBXTargetDependency section */

/* Begin PBXVariantGroup section */
		14DB89041A8F532100FAFB6C /* Main.storyboard */ = {
			isa = PBXVariantGroup;
			children = (
				14DB89051A8F532100FAFB6C /* Base */,
			);
			name = Main.storyboard;
			sourceTree = "<group>";
		};
		14DB89091A8F532100FAFB6C /* LaunchScreen.xib */ = {
			isa = PBXVariantGroup;
			children = (
				14DB890A1A8F532100FAFB6C /* Base */,
			);
			name = LaunchScreen.xib;
			sourceTree = "<group>";
		};
/* End PBXVariantGroup section */

/* Begin XCBuildConfiguration section */
		14DB89181A8F532100FAFB6C /* Debug */ = {
			isa = XCBuildConfiguration;
			buildSettings = {
				ALWAYS_SEARCH_USER_PATHS = NO;
				CLANG_CXX_LANGUAGE_STANDARD = "gnu++0x";
				CLANG_CXX_LIBRARY = "libc++";
				CLANG_ENABLE_MODULES = YES;
				CLANG_ENABLE_OBJC_ARC = YES;
				CLANG_WARN_BOOL_CONVERSION = YES;
				CLANG_WARN_CONSTANT_CONVERSION = YES;
				CLANG_WARN_DIRECT_OBJC_ISA_USAGE = YES_ERROR;
				CLANG_WARN_EMPTY_BODY = YES;
				CLANG_WARN_ENUM_CONVERSION = YES;
				CLANG_WARN_INT_CONVERSION = YES;
				CLANG_WARN_OBJC_ROOT_CLASS = YES_ERROR;
				CLANG_WARN_UNREACHABLE_CODE = YES;
				CLANG_WARN__DUPLICATE_METHOD_MATCH = YES;
				"CODE_SIGN_IDENTITY[sdk=iphoneos*]" = "iPhone Developer";
				COPY_PHASE_STRIP = NO;
				ENABLE_STRICT_OBJC_MSGSEND = YES;
				GCC_C_LANGUAGE_STANDARD = gnu99;
				GCC_DYNAMIC_NO_PIC = NO;
				GCC_OPTIMIZATION_LEVEL = 0;
				GCC_PREPROCESSOR_DEFINITIONS = (
					"DEBUG=1",
					"$(inherited)",
				);
				GCC_SYMBOLS_PRIVATE_EXTERN = NO;
				GCC_WARN_64_TO_32_BIT_CONVERSION = YES;
				GCC_WARN_ABOUT_RETURN_TYPE = YES_ERROR;
				GCC_WARN_UNDECLARED_SELECTOR = YES;
				GCC_WARN_UNINITIALIZED_AUTOS = YES_AGGRESSIVE;
				GCC_WARN_UNUSED_FUNCTION = YES;
				GCC_WARN_UNUSED_VARIABLE = YES;
				IPHONEOS_DEPLOYMENT_TARGET = 8.1;
				MTL_ENABLE_DEBUG_INFO = YES;
				ONLY_ACTIVE_ARCH = YES;
				SDKROOT = iphoneos;
				SWIFT_OPTIMIZATION_LEVEL = "-Onone";
			};
			name = Debug;
		};
		14DB89191A8F532100FAFB6C /* Release */ = {
			isa = XCBuildConfiguration;
			buildSettings = {
				ALWAYS_SEARCH_USER_PATHS = NO;
				CLANG_CXX_LANGUAGE_STANDARD = "gnu++0x";
				CLANG_CXX_LIBRARY = "libc++";
				CLANG_ENABLE_MODULES = YES;
				CLANG_ENABLE_OBJC_ARC = YES;
				CLANG_WARN_BOOL_CONVERSION = YES;
				CLANG_WARN_CONSTANT_CONVERSION = YES;
				CLANG_WARN_DIRECT_OBJC_ISA_USAGE = YES_ERROR;
				CLANG_WARN_EMPTY_BODY = YES;
				CLANG_WARN_ENUM_CONVERSION = YES;
				CLANG_WARN_INT_CONVERSION = YES;
				CLANG_WARN_OBJC_ROOT_CLASS = YES_ERROR;
				CLANG_WARN_UNREACHABLE_CODE = YES;
				CLANG_WARN__DUPLICATE_METHOD_MATCH = YES;
				"CODE_SIGN_IDENTITY[sdk=iphoneos*]" = "iPhone Developer";
				COPY_PHASE_STRIP = YES;
				ENABLE_NS_ASSERTIONS = NO;
				ENABLE_STRICT_OBJC_MSGSEND = YES;
				GCC_C_LANGUAGE_STANDARD = gnu99;
				GCC_WARN_64_TO_32_BIT_CONVERSION = YES;
				GCC_WARN_ABOUT_RETURN_TYPE = YES_ERROR;
				GCC_WARN_UNDECLARED_SELECTOR = YES;
				GCC_WARN_UNINITIALIZED_AUTOS = YES_AGGRESSIVE;
				GCC_WARN_UNUSED_FUNCTION = YES;
				GCC_WARN_UNUSED_VARIABLE = YES;
				IPHONEOS_DEPLOYMENT_TARGET = 8.1;
				MTL_ENABLE_DEBUG_INFO = NO;
				SDKROOT = iphoneos;
				VALIDATE_PRODUCT = YES;
			};
			name = Release;
		};
		14DB891B1A8F532100FAFB6C /* Debug */ = {
			isa = XCBuildConfiguration;
			baseConfigurationReference = 0DC278C0F71D866D7C5E5CE8 /* Pods.debug.xcconfig */;
			buildSettings = {
				ASSETCATALOG_COMPILER_APPICON_NAME = AppIcon;
				INFOPLIST_FILE = kaidan/Info.plist;
				IPHONEOS_DEPLOYMENT_TARGET = 8.0;
				LD_RUNPATH_SEARCH_PATHS = "$(inherited) @executable_path/Frameworks";
				PRODUCT_NAME = "$(TARGET_NAME)";
				SWIFT_OBJC_BRIDGING_HEADER = "";
			};
			name = Debug;
		};
		14DB891C1A8F532100FAFB6C /* Release */ = {
			isa = XCBuildConfiguration;
			baseConfigurationReference = 16DDF803907DC3CAE85B4D50 /* Pods.release.xcconfig */;
			buildSettings = {
				ASSETCATALOG_COMPILER_APPICON_NAME = AppIcon;
				INFOPLIST_FILE = kaidan/Info.plist;
				IPHONEOS_DEPLOYMENT_TARGET = 8.0;
				LD_RUNPATH_SEARCH_PATHS = "$(inherited) @executable_path/Frameworks";
				PRODUCT_NAME = "$(TARGET_NAME)";
				SWIFT_OBJC_BRIDGING_HEADER = "";
			};
			name = Release;
		};
		14DB891E1A8F532100FAFB6C /* Debug */ = {
			isa = XCBuildConfiguration;
			buildSettings = {
				BUNDLE_LOADER = "$(TEST_HOST)";
				FRAMEWORK_SEARCH_PATHS = (
					"$(SDKROOT)/Developer/Library/Frameworks",
					"$(inherited)",
				);
				GCC_PREPROCESSOR_DEFINITIONS = (
					"DEBUG=1",
					"$(inherited)",
				);
				INFOPLIST_FILE = kaidanTests/Info.plist;
				LD_RUNPATH_SEARCH_PATHS = "$(inherited) @executable_path/Frameworks @loader_path/Frameworks";
				PRODUCT_NAME = "$(TARGET_NAME)";
				TEST_HOST = "$(BUILT_PRODUCTS_DIR)/kaidan.app/kaidan";
			};
			name = Debug;
		};
		14DB891F1A8F532100FAFB6C /* Release */ = {
			isa = XCBuildConfiguration;
			buildSettings = {
				BUNDLE_LOADER = "$(TEST_HOST)";
				FRAMEWORK_SEARCH_PATHS = (
					"$(SDKROOT)/Developer/Library/Frameworks",
					"$(inherited)",
				);
				INFOPLIST_FILE = kaidanTests/Info.plist;
				LD_RUNPATH_SEARCH_PATHS = "$(inherited) @executable_path/Frameworks @loader_path/Frameworks";
				PRODUCT_NAME = "$(TARGET_NAME)";
				TEST_HOST = "$(BUILT_PRODUCTS_DIR)/kaidan.app/kaidan";
			};
			name = Release;
		};
/* End XCBuildConfiguration section */

/* Begin XCConfigurationList section */
		14DB88F61A8F532100FAFB6C /* Build configuration list for PBXProject "kaidan" */ = {
			isa = XCConfigurationList;
			buildConfigurations = (
				14DB89181A8F532100FAFB6C /* Debug */,
				14DB89191A8F532100FAFB6C /* Release */,
			);
			defaultConfigurationIsVisible = 0;
			defaultConfigurationName = Release;
		};
		14DB891A1A8F532100FAFB6C /* Build configuration list for PBXNativeTarget "kaidan" */ = {
			isa = XCConfigurationList;
			buildConfigurations = (
				14DB891B1A8F532100FAFB6C /* Debug */,
				14DB891C1A8F532100FAFB6C /* Release */,
			);
			defaultConfigurationIsVisible = 0;
			defaultConfigurationName = Release;
		};
		14DB891D1A8F532100FAFB6C /* Build configuration list for PBXNativeTarget "kaidanTests" */ = {
			isa = XCConfigurationList;
			buildConfigurations = (
				14DB891E1A8F532100FAFB6C /* Debug */,
				14DB891F1A8F532100FAFB6C /* Release */,
			);
			defaultConfigurationIsVisible = 0;
			defaultConfigurationName = Release;
		};
/* End XCConfigurationList section */
	};
	rootObject = 14DB88F31A8F532100FAFB6C /* Project object */;
}
